
Microsoft Visual Studio Solution File, Format Version 12.00
# Visual Studio Version 17
VisualStudioVersion = 17.4.33205.214
MinimumVisualStudioVersion = 10.0.40219.1
Project("{FAE04EC0-301F-11D3-BF4B-00C04F79EFBC}") = "Task20", "Task20\Task20.csproj", "{7F80580F-5223-43E1-B59E-0D2632280A17}"
EndProject
Global
	GlobalSection(SolutionConfigurationPlatforms) = preSolution
		Debug|Any CPU = Debug|Any CPU
		Release|Any CPU = Release|Any CPU
	EndGlobalSection
	GlobalSection(ProjectConfigurationPlatforms) = postSolution
		{7F80580F-5223-43E1-B59E-0D2632280A17}.Debug|Any CPU.ActiveCfg = Debug|Any CPU
		{7F80580F-5223-43E1-B59E-0D2632280A17}.Debug|Any CPU.Build.0 = Debug|Any CPU
		{7F80580F-5223-43E1-B59E-0D2632280A17}.Release|Any CPU.ActiveCfg = Release|Any CPU
		{7F80580F-5223-43E1-B59E-0D2632280A17}.Release|Any CPU.Build.0 = Release|Any CPU
	EndGlobalSection
	GlobalSection(SolutionProperties) = preSolution
		HideSolutionNode = FALSE
	EndGlobalSection
	GlobalSection(ExtensibilityGlobals) = postSolution
		SolutionGuid = {E9671E3D-1D5A-45F9-91FE-D95D7A002FCA}
	EndGlobalSection
EndGlobal
